
Microsoft Visual Studio Solution File, Format Version 12.00
# Visual Studio Version 17
VisualStudioVersion = 17.8.34330.188
MinimumVisualStudioVersion = 10.0.40219.1
Project("{FAE04EC0-301F-11D3-BF4B-00C04F79EFBC}") = "CountryApp", "CountryApp\CountryApp.csproj", "{1FC247BB-6815-49C2-8D4B-2ED85113D086}"
EndProject
Global
	GlobalSection(SolutionConfigurationPlatforms) = preSolution
		Debug|Any CPU = Debug|Any CPU
		Release|Any CPU = Release|Any CPU
	EndGlobalSection
	GlobalSection(ProjectConfigurationPlatforms) = postSolution
		{1FC247BB-6815-49C2-8D4B-2ED85113D086}.Debug|Any CPU.ActiveCfg = Debug|Any CPU
		{1FC247BB-6815-49C2-8D4B-2ED85113D086}.Debug|Any CPU.Build.0 = Debug|Any CPU
		{1FC247BB-6815-49C2-8D4B-2ED85113D086}.Release|Any CPU.ActiveCfg = Release|Any CPU
		{1FC247BB-6815-49C2-8D4B-2ED85113D086}.Release|Any CPU.Build.0 = Release|Any CPU
	EndGlobalSection
	GlobalSection(SolutionProperties) = preSolution
		HideSolutionNode = FALSE
	EndGlobalSection
	GlobalSection(ExtensibilityGlobals) = postSolution
		SolutionGuid = {4F8FD0DE-6F57-47B5-A1D2-1DDA2159171D}
	EndGlobalSection
EndGlobal
